
Microsoft Visual Studio Solution File, Format Version 12.00
# Visual Studio Version 16
VisualStudioVersion = 16.0.30413.136
MinimumVisualStudioVersion = 10.0.40219.1
Project("{FAE04EC0-301F-11D3-BF4B-00C04F79EFBC}") = "Bank_demo", "Bank_demo\Bank_demo.csproj", "{F4B6BA35-241C-4F12-96F3-D840F4F57C9B}"
EndProject
Global
	GlobalSection(SolutionConfigurationPlatforms) = preSolution
		Debug|Any CPU = Debug|Any CPU
		Release|Any CPU = Release|Any CPU
	EndGlobalSection
	GlobalSection(ProjectConfigurationPlatforms) = postSolution
		{F4B6BA35-241C-4F12-96F3-D840F4F57C9B}.Debug|Any CPU.ActiveCfg = Debug|Any CPU
		{F4B6BA35-241C-4F12-96F3-D840F4F57C9B}.Debug|Any CPU.Build.0 = Debug|Any CPU
		{F4B6BA35-241C-4F12-96F3-D840F4F57C9B}.Release|Any CPU.ActiveCfg = Release|Any CPU
		{F4B6BA35-241C-4F12-96F3-D840F4F57C9B}.Release|Any CPU.Build.0 = Release|Any CPU
	EndGlobalSection
	GlobalSection(SolutionProperties) = preSolution
		HideSolutionNode = FALSE
	EndGlobalSection
	GlobalSection(ExtensibilityGlobals) = postSolution
		SolutionGuid = {44232FDD-F88E-49B2-8EEE-0B79836093B0}
	EndGlobalSection
EndGlobal
